
Microsoft Visual Studio Solution File, Format Version 12.00
# Visual Studio Version 16
VisualStudioVersion = 16.0.31424.327
MinimumVisualStudioVersion = 10.0.40219.1
Project("{FAE04EC0-301F-11D3-BF4B-00C04F79EFBC}") = "chapter4-studio", "chapter4-studio\chapter4-studio.csproj", "{082F2B09-93F0-4707-AB53-707BB85C204E}"
EndProject
Global
	GlobalSection(SolutionConfigurationPlatforms) = preSolution
		Debug|Any CPU = Debug|Any CPU
		Release|Any CPU = Release|Any CPU
	EndGlobalSection
	GlobalSection(ProjectConfigurationPlatforms) = postSolution
		{082F2B09-93F0-4707-AB53-707BB85C204E}.Debug|Any CPU.ActiveCfg = Debug|Any CPU
		{082F2B09-93F0-4707-AB53-707BB85C204E}.Debug|Any CPU.Build.0 = Debug|Any CPU
		{082F2B09-93F0-4707-AB53-707BB85C204E}.Release|Any CPU.ActiveCfg = Release|Any CPU
		{082F2B09-93F0-4707-AB53-707BB85C204E}.Release|Any CPU.Build.0 = Release|Any CPU
	EndGlobalSection
	GlobalSection(SolutionProperties) = preSolution
		HideSolutionNode = FALSE
	EndGlobalSection
	GlobalSection(ExtensibilityGlobals) = postSolution
		SolutionGuid = {E8B57B5E-8906-4476-9322-AD99E5171D83}
	EndGlobalSection
EndGlobal
